
Microsoft Visual Studio Solution File, Format Version 12.00
# Visual Studio Version 17
VisualStudioVersion = 17.7.34202.233
MinimumVisualStudioVersion = 10.0.40219.1
Project("{FAE04EC0-301F-11D3-BF4B-00C04F79EFBC}") = "FoodOnline", "FoodOnline\FoodOnline.csproj", "{15EF3B1E-603A-487E-9FCE-4859F3F9030C}"
EndProject
Global
	GlobalSection(SolutionConfigurationPlatforms) = preSolution
		Debug|Any CPU = Debug|Any CPU
		Release|Any CPU = Release|Any CPU
	EndGlobalSection
	GlobalSection(ProjectConfigurationPlatforms) = postSolution
		{15EF3B1E-603A-487E-9FCE-4859F3F9030C}.Debug|Any CPU.ActiveCfg = Debug|Any CPU
		{15EF3B1E-603A-487E-9FCE-4859F3F9030C}.Debug|Any CPU.Build.0 = Debug|Any CPU
		{15EF3B1E-603A-487E-9FCE-4859F3F9030C}.Debug|Any CPU.Deploy.0 = Debug|Any CPU
		{15EF3B1E-603A-487E-9FCE-4859F3F9030C}.Release|Any CPU.ActiveCfg = Release|Any CPU
		{15EF3B1E-603A-487E-9FCE-4859F3F9030C}.Release|Any CPU.Build.0 = Release|Any CPU
		{15EF3B1E-603A-487E-9FCE-4859F3F9030C}.Release|Any CPU.Deploy.0 = Release|Any CPU
	EndGlobalSection
	GlobalSection(SolutionProperties) = preSolution
		HideSolutionNode = FALSE
	EndGlobalSection
	GlobalSection(ExtensibilityGlobals) = postSolution
		SolutionGuid = {2B2FB0F1-4748-48D5-AA72-D7FAE8E60297}
	EndGlobalSection
EndGlobal
